
Microsoft Visual Studio Solution File, Format Version 12.00
# Visual Studio Version 17
VisualStudioVersion = 17.8.34511.84
MinimumVisualStudioVersion = 10.0.40219.1
Project("{FAE04EC0-301F-11D3-BF4B-00C04F79EFBC}") = "TimePeriodExercise", "TimePeriodExercise.csproj", "{C9BFF7CC-1771-4CE0-875D-E9DC81443B1B}"
EndProject
Global
	GlobalSection(SolutionConfigurationPlatforms) = preSolution
		Debug|Any CPU = Debug|Any CPU
		Release|Any CPU = Release|Any CPU
	EndGlobalSection
	GlobalSection(ProjectConfigurationPlatforms) = postSolution
		{C9BFF7CC-1771-4CE0-875D-E9DC81443B1B}.Debug|Any CPU.ActiveCfg = Debug|Any CPU
		{C9BFF7CC-1771-4CE0-875D-E9DC81443B1B}.Debug|Any CPU.Build.0 = Debug|Any CPU
		{C9BFF7CC-1771-4CE0-875D-E9DC81443B1B}.Release|Any CPU.ActiveCfg = Release|Any CPU
		{C9BFF7CC-1771-4CE0-875D-E9DC81443B1B}.Release|Any CPU.Build.0 = Release|Any CPU
	EndGlobalSection
	GlobalSection(SolutionProperties) = preSolution
		HideSolutionNode = FALSE
	EndGlobalSection
	GlobalSection(ExtensibilityGlobals) = postSolution
		SolutionGuid = {8FBB12C9-95E7-4BEA-A96F-6B86CA83C8C2}
	EndGlobalSection
EndGlobal
